Microsoft Visual Studio Solution File, Format Version 12.00
# Visual Studio Version 17
VisualStudioVersion = 17.13.35919.96
MinimumVisualStudioVersion = 10.0.40219.1
Project("{FAE04EC0-301F-11D3-BF4B-00C04F79EFBC}") = "AvaloniaApp", "AvaloniaApp\AvaloniaApp.csproj", "{8C9F3661-CA61-303A-8D68-4CC704101EA4}"
EndProject
Project("{FAE04EC0-301F-11D3-BF4B-00C04F79EFBC}") = "AvaloniaApp.Android", "AvaloniaApp.Android\AvaloniaApp.Android.csproj", "{EFD48D67-EE06-68C2-D36B-A1D72BAB8239}"
EndProject
Project("{FAE04EC0-301F-11D3-BF4B-00C04F79EFBC}") = "AvaloniaApp.Browser", "AvaloniaApp.Browser\AvaloniaApp.Browser.csproj", "{995B11F1-6DE5-95EA-E493-E1087C44C894}"
EndProject
Project("{FAE04EC0-301F-11D3-BF4B-00C04F79EFBC}") = "AvaloniaApp.Desktop", "AvaloniaApp.Desktop\AvaloniaApp.Desktop.csproj", "{004D33C2-7BE6-A4A1-62CA-9B58164DC0FA}"
EndProject
Project("{FAE04EC0-301F-11D3-BF4B-00C04F79EFBC}") = "AvaloniaApp.iOS", "AvaloniaApp.iOS\AvaloniaApp.iOS.csproj", "{A6361071-8C73-9474-AB34-2FE7B9F9C8E5}"
EndProject
Global
	GlobalSection(SolutionConfigurationPlatforms) = preSolution
		Debug|Any CPU = Debug|Any CPU
		Release|Any CPU = Release|Any CPU
	EndGlobalSection
	GlobalSection(ProjectConfigurationPlatforms) = postSolution
		{8C9F3661-CA61-303A-8D68-4CC704101EA4}.Debug|Any CPU.ActiveCfg = Debug|Any CPU
		{8C9F3661-CA61-303A-8D68-4CC704101EA4}.Debug|Any CPU.Build.0 = Debug|Any CPU
		{8C9F3661-CA61-303A-8D68-4CC704101EA4}.Release|Any CPU.ActiveCfg = Release|Any CPU
		{8C9F3661-CA61-303A-8D68-4CC704101EA4}.Release|Any CPU.Build.0 = Release|Any CPU
		{EFD48D67-EE06-68C2-D36B-A1D72BAB8239}.Debug|Any CPU.ActiveCfg = Debug|Any CPU
		{EFD48D67-EE06-68C2-D36B-A1D72BAB8239}.Debug|Any CPU.Build.0 = Debug|Any CPU
		{EFD48D67-EE06-68C2-D36B-A1D72BAB8239}.Debug|Any CPU.Deploy.0 = Debug|Any CPU
		{EFD48D67-EE06-68C2-D36B-A1D72BAB8239}.Release|Any CPU.ActiveCfg = Release|Any CPU
		{EFD48D67-EE06-68C2-D36B-A1D72BAB8239}.Release|Any CPU.Build.0 = Release|Any CPU
		{EFD48D67-EE06-68C2-D36B-A1D72BAB8239}.Release|Any CPU.Deploy.0 = Release|Any CPU
		{995B11F1-6DE5-95EA-E493-E1087C44C894}.Debug|Any CPU.ActiveCfg = Debug|Any CPU
		{995B11F1-6DE5-95EA-E493-E1087C44C894}.Debug|Any CPU.Build.0 = Debug|Any CPU
		{995B11F1-6DE5-95EA-E493-E1087C44C894}.Release|Any CPU.ActiveCfg = Release|Any CPU
		{995B11F1-6DE5-95EA-E493-E1087C44C894}.Release|Any CPU.Build.0 = Release|Any CPU
		{004D33C2-7BE6-A4A1-62CA-9B58164DC0FA}.Debug|Any CPU.ActiveCfg = Debug|Any CPU
		{004D33C2-7BE6-A4A1-62CA-9B58164DC0FA}.Debug|Any CPU.Build.0 = Debug|Any CPU
		{004D33C2-7BE6-A4A1-62CA-9B58164DC0FA}.Release|Any CPU.ActiveCfg = Release|Any CPU
		{004D33C2-7BE6-A4A1-62CA-9B58164DC0FA}.Release|Any CPU.Build.0 = Release|Any CPU
		{A6361071-8C73-9474-AB34-2FE7B9F9C8E5}.Debug|Any CPU.ActiveCfg = Debug|Any CPU
		{A6361071-8C73-9474-AB34-2FE7B9F9C8E5}.Debug|Any CPU.Build.0 = Debug|Any CPU
		{A6361071-8C73-9474-AB34-2FE7B9F9C8E5}.Debug|Any CPU.Deploy.0 = Debug|Any CPU
		{A6361071-8C73-9474-AB34-2FE7B9F9C8E5}.Release|Any CPU.ActiveCfg = Release|Any CPU
		{A6361071-8C73-9474-AB34-2FE7B9F9C8E5}.Release|Any CPU.Build.0 = Release|Any CPU
		{A6361071-8C73-9474-AB34-2FE7B9F9C8E5}.Release|Any CPU.Deploy.0 = Release|Any CPU
	EndGlobalSection
	GlobalSection(SolutionProperties) = preSolution
		HideSolutionNode = FALSE
	EndGlobalSection
	GlobalSection(ExtensibilityGlobals) = postSolution
		SolutionGuid = {C8A4BD80-B2F6-4187-B004-1EC132D70D96}
	EndGlobalSection
EndGlobal
