<Solution>
  <Folder Name="/Solution Items/">
    <File Path=".editorconfig" />
    <File Path=".gitattributes" />
    <File Path=".gitignore" />
    <File Path="Analyzers.ruleset" />
    <File Path="Directory.Build.props" />
    <File Path="Directory.Build.targets" />
    <File Path="PlatformMac.sln.DotSettings" />
    <File Path="Settings.XamlStyler" />
  </Folder>
  <Project Path="PlatformApp/PlatformApp.csproj">
    <Deploy />
  </Project>
</Solution>
