Microsoft Visual Studio Solution File, Format Version 12.00
# Visual Studio Version 17
VisualStudioVersion = 17.13.35919.96
MinimumVisualStudioVersion = 10.0.40219.1
Project("{FAE04EC0-301F-11D3-BF4B-00C04F79EFBC}") = "AvaloniaApp", "AvaloniaApp\AvaloniaApp.csproj", "{AE412D6A-E5B4-40E3-A64D-113FE8614474}"
EndProject
Global
	GlobalSection(SolutionConfigurationPlatforms) = preSolution
		Debug|Any CPU = Debug|Any CPU
		Release|Any CPU = Release|Any CPU
	EndGlobalSection
	GlobalSection(ProjectConfigurationPlatforms) = postSolution
		{AE412D6A-E5B4-40E3-A64D-113FE8614474}.Debug|Any CPU.ActiveCfg = Debug|Any CPU
		{AE412D6A-E5B4-40E3-A64D-113FE8614474}.Debug|Any CPU.Build.0 = Debug|Any CPU
		{AE412D6A-E5B4-40E3-A64D-113FE8614474}.Release|Any CPU.ActiveCfg = Release|Any CPU
		{AE412D6A-E5B4-40E3-A64D-113FE8614474}.Release|Any CPU.Build.0 = Release|Any CPU
	EndGlobalSection
	GlobalSection(SolutionProperties) = preSolution
		HideSolutionNode = FALSE
	EndGlobalSection
	GlobalSection(ExtensibilityGlobals) = postSolution
		SolutionGuid = {F91A134F-48AC-4914-97ED-1C11E061B6B2}
	EndGlobalSection
EndGlobal
